
Microsoft Visual Studio Solution File, Format Version 12.00
# Visual Studio Version 17
VisualStudioVersion = 17.5.002.0
MinimumVisualStudioVersion = 10.0.40219.1
Project("{9A19103F-16F7-4668-BE54-9A1E7A4F7556}") = "TesisPadel", "TesisPadel.csproj", "{C14CEA63-5380-4DDA-B880-D447E813695E}"
EndProject
Global
	GlobalSection(SolutionConfigurationPlatforms) = preSolution
		Debug|Any CPU = Debug|Any CPU
		Release|Any CPU = Release|Any CPU
	EndGlobalSection
	GlobalSection(ProjectConfigurationPlatforms) = postSolution
		{C14CEA63-5380-4DDA-B880-D447E813695E}.Debug|Any CPU.ActiveCfg = Debug|Any CPU
		{C14CEA63-5380-4DDA-B880-D447E813695E}.Debug|Any CPU.Build.0 = Debug|Any CPU
		{C14CEA63-5380-4DDA-B880-D447E813695E}.Release|Any CPU.ActiveCfg = Release|Any CPU
		{C14CEA63-5380-4DDA-B880-D447E813695E}.Release|Any CPU.Build.0 = Release|Any CPU
	EndGlobalSection
	GlobalSection(SolutionProperties) = preSolution
		HideSolutionNode = FALSE
	EndGlobalSection
	GlobalSection(ExtensibilityGlobals) = postSolution
		SolutionGuid = {3FA12EFF-061E-4551-847C-E7F8E1B5FD35}
	EndGlobalSection
EndGlobal
